
Microsoft Visual Studio Solution File, Format Version 12.00
# Visual Studio 2013
VisualStudioVersion = 12.0.0.0
MinimumVisualStudioVersion = 10.0.0.1
Project("{FAE04EC0-301F-11D3-BF4B-00C04F79EFBC}") = "PR01", "PR01\PR01.csproj", "{A99C6611-25A6-4884-A426-FD3DDB3434C1}"
EndProject
Project("{FAE04EC0-301F-11D3-BF4B-00C04F79EFBC}") = "PR02", "PR02\PR02.csproj", "{BAE7B6CD-9667-4FB5-B2DF-C6D5FA2FAE21}"
EndProject
Project("{FAE04EC0-301F-11D3-BF4B-00C04F79EFBC}") = "HW01", "HW01\HW01.csproj", "{67C100F0-C0B0-47C5-92FB-11AAD27AD372}"
EndProject
Project("{FAE04EC0-301F-11D3-BF4B-00C04F79EFBC}") = "HW02", "HW02\HW02.csproj", "{2D4E838F-2A62-453C-9CD9-8410171DAF7E}"
EndProject
Project("{FAE04EC0-301F-11D3-BF4B-00C04F79EFBC}") = "PR03", "PR03\PR03.csproj", "{4B8CF970-792E-448A-8659-073931D30C7B}"
EndProject
Project("{FAE04EC0-301F-11D3-BF4B-00C04F79EFBC}") = "HW03", "HW03\HW03.csproj", "{C78CB652-B394-4F98-ACD7-FA1F9A709198}"
EndProject
Project("{FAE04EC0-301F-11D3-BF4B-00C04F79EFBC}") = "PR04", "PR04\PR04.csproj", "{64E9F65A-C1CE-494B-A815-4C77EC7BB56B}"
EndProject
Project("{FAE04EC0-301F-11D3-BF4B-00C04F79EFBC}") = "HW04", "HW04\HW04.csproj", "{25392017-387D-4805-9755-4B9F9DDFD776}"
EndProject
Project("{FAE04EC0-301F-11D3-BF4B-00C04F79EFBC}") = "PR05", "PR05\PR05.csproj", "{6429D892-8CA0-44CB-B886-2486B004EC9B}"
EndProject
Project("{FAE04EC0-301F-11D3-BF4B-00C04F79EFBC}") = "HW05", "HW05\HW05.csproj", "{34FADDE8-C44A-4F27-82C2-0178C79AD98F}"
EndProject
Project("{FAE04EC0-301F-11D3-BF4B-00C04F79EFBC}") = "PR06", "PR06\PR06.csproj", "{86872FE8-C111-44AE-AC55-83B7E357563A}"
EndProject
Project("{FAE04EC0-301F-11D3-BF4B-00C04F79EFBC}") = "HW06", "HW06\HW06.csproj", "{8F4103B8-3A33-48CB-9AA0-0524D3159CD0}"
EndProject
Project("{FAE04EC0-301F-11D3-BF4B-00C04F79EFBC}") = "PR07", "PR07\PR07.csproj", "{3F7BC29D-B238-409E-84C8-9B88A77D80D9}"
EndProject
Project("{FAE04EC0-301F-11D3-BF4B-00C04F79EFBC}") = "HW07", "HW07\HW07.csproj", "{F1592F72-B996-4358-AC17-6A21307B0FE3}"
EndProject
Global
	GlobalSection(SolutionConfigurationPlatforms) = preSolution
		Debug|Any CPU = Debug|Any CPU
		Release|Any CPU = Release|Any CPU
	EndGlobalSection
	GlobalSection(ProjectConfigurationPlatforms) = postSolution
		{A99C6611-25A6-4884-A426-FD3DDB3434C1}.Debug|Any CPU.ActiveCfg = Debug|Any CPU
		{A99C6611-25A6-4884-A426-FD3DDB3434C1}.Debug|Any CPU.Build.0 = Debug|Any CPU
		{A99C6611-25A6-4884-A426-FD3DDB3434C1}.Release|Any CPU.ActiveCfg = Release|Any CPU
		{A99C6611-25A6-4884-A426-FD3DDB3434C1}.Release|Any CPU.Build.0 = Release|Any CPU
		{BAE7B6CD-9667-4FB5-B2DF-C6D5FA2FAE21}.Debug|Any CPU.ActiveCfg = Debug|Any CPU
		{BAE7B6CD-9667-4FB5-B2DF-C6D5FA2FAE21}.Debug|Any CPU.Build.0 = Debug|Any CPU
		{BAE7B6CD-9667-4FB5-B2DF-C6D5FA2FAE21}.Release|Any CPU.ActiveCfg = Release|Any CPU
		{BAE7B6CD-9667-4FB5-B2DF-C6D5FA2FAE21}.Release|Any CPU.Build.0 = Release|Any CPU
		{67C100F0-C0B0-47C5-92FB-11AAD27AD372}.Debug|Any CPU.ActiveCfg = Debug|Any CPU
		{67C100F0-C0B0-47C5-92FB-11AAD27AD372}.Debug|Any CPU.Build.0 = Debug|Any CPU
		{67C100F0-C0B0-47C5-92FB-11AAD27AD372}.Release|Any CPU.ActiveCfg = Release|Any CPU
		{67C100F0-C0B0-47C5-92FB-11AAD27AD372}.Release|Any CPU.Build.0 = Release|Any CPU
		{2D4E838F-2A62-453C-9CD9-8410171DAF7E}.Debug|Any CPU.ActiveCfg = Debug|Any CPU
		{2D4E838F-2A62-453C-9CD9-8410171DAF7E}.Debug|Any CPU.Build.0 = Debug|Any CPU
		{2D4E838F-2A62-453C-9CD9-8410171DAF7E}.Release|Any CPU.ActiveCfg = Release|Any CPU
		{2D4E838F-2A62-453C-9CD9-8410171DAF7E}.Release|Any CPU.Build.0 = Release|Any CPU
		{4B8CF970-792E-448A-8659-073931D30C7B}.Debug|Any CPU.ActiveCfg = Debug|Any CPU
		{4B8CF970-792E-448A-8659-073931D30C7B}.Debug|Any CPU.Build.0 = Debug|Any CPU
		{4B8CF970-792E-448A-8659-073931D30C7B}.Release|Any CPU.ActiveCfg = Release|Any CPU
		{4B8CF970-792E-448A-8659-073931D30C7B}.Release|Any CPU.Build.0 = Release|Any CPU
		{C78CB652-B394-4F98-ACD7-FA1F9A709198}.Debug|Any CPU.ActiveCfg = Debug|Any CPU
		{C78CB652-B394-4F98-ACD7-FA1F9A709198}.Debug|Any CPU.Build.0 = Debug|Any CPU
		{C78CB652-B394-4F98-ACD7-FA1F9A709198}.Release|Any CPU.ActiveCfg = Release|Any CPU
		{C78CB652-B394-4F98-ACD7-FA1F9A709198}.Release|Any CPU.Build.0 = Release|Any CPU
		{64E9F65A-C1CE-494B-A815-4C77EC7BB56B}.Debug|Any CPU.ActiveCfg = Debug|Any CPU
		{64E9F65A-C1CE-494B-A815-4C77EC7BB56B}.Debug|Any CPU.Build.0 = Debug|Any CPU
		{64E9F65A-C1CE-494B-A815-4C77EC7BB56B}.Release|Any CPU.ActiveCfg = Release|Any CPU
		{64E9F65A-C1CE-494B-A815-4C77EC7BB56B}.Release|Any CPU.Build.0 = Release|Any CPU
		{25392017-387D-4805-9755-4B9F9DDFD776}.Debug|Any CPU.ActiveCfg = Debug|Any CPU
		{25392017-387D-4805-9755-4B9F9DDFD776}.Debug|Any CPU.Build.0 = Debug|Any CPU
		{25392017-387D-4805-9755-4B9F9DDFD776}.Release|Any CPU.ActiveCfg = Release|Any CPU
		{25392017-387D-4805-9755-4B9F9DDFD776}.Release|Any CPU.Build.0 = Release|Any CPU
		{6429D892-8CA0-44CB-B886-2486B004EC9B}.Debug|Any CPU.ActiveCfg = Debug|Any CPU
		{6429D892-8CA0-44CB-B886-2486B004EC9B}.Debug|Any CPU.Build.0 = Debug|Any CPU
		{6429D892-8CA0-44CB-B886-2486B004EC9B}.Release|Any CPU.ActiveCfg = Release|Any CPU
		{6429D892-8CA0-44CB-B886-2486B004EC9B}.Release|Any CPU.Build.0 = Release|Any CPU
		{34FADDE8-C44A-4F27-82C2-0178C79AD98F}.Debug|Any CPU.ActiveCfg = Debug|Any CPU
		{34FADDE8-C44A-4F27-82C2-0178C79AD98F}.Debug|Any CPU.Build.0 = Debug|Any CPU
		{34FADDE8-C44A-4F27-82C2-0178C79AD98F}.Release|Any CPU.ActiveCfg = Release|Any CPU
		{34FADDE8-C44A-4F27-82C2-0178C79AD98F}.Release|Any CPU.Build.0 = Release|Any CPU
		{86872FE8-C111-44AE-AC55-83B7E357563A}.Debug|Any CPU.ActiveCfg = Debug|Any CPU
		{86872FE8-C111-44AE-AC55-83B7E357563A}.Debug|Any CPU.Build.0 = Debug|Any CPU
		{86872FE8-C111-44AE-AC55-83B7E357563A}.Release|Any CPU.ActiveCfg = Release|Any CPU
		{86872FE8-C111-44AE-AC55-83B7E357563A}.Release|Any CPU.Build.0 = Release|Any CPU
		{8F4103B8-3A33-48CB-9AA0-0524D3159CD0}.Debug|Any CPU.ActiveCfg = Debug|Any CPU
		{8F4103B8-3A33-48CB-9AA0-0524D3159CD0}.Debug|Any CPU.Build.0 = Debug|Any CPU
		{8F4103B8-3A33-48CB-9AA0-0524D3159CD0}.Release|Any CPU.ActiveCfg = Release|Any CPU
		{8F4103B8-3A33-48CB-9AA0-0524D3159CD0}.Release|Any CPU.Build.0 = Release|Any CPU
		{3F7BC29D-B238-409E-84C8-9B88A77D80D9}.Debug|Any CPU.ActiveCfg = Debug|Any CPU
		{3F7BC29D-B238-409E-84C8-9B88A77D80D9}.Debug|Any CPU.Build.0 = Debug|Any CPU
		{3F7BC29D-B238-409E-84C8-9B88A77D80D9}.Release|Any CPU.ActiveCfg = Release|Any CPU
		{3F7BC29D-B238-409E-84C8-9B88A77D80D9}.Release|Any CPU.Build.0 = Release|Any CPU
		{F1592F72-B996-4358-AC17-6A21307B0FE3}.Debug|Any CPU.ActiveCfg = Debug|Any CPU
		{F1592F72-B996-4358-AC17-6A21307B0FE3}.Debug|Any CPU.Build.0 = Debug|Any CPU
		{F1592F72-B996-4358-AC17-6A21307B0FE3}.Release|Any CPU.ActiveCfg = Release|Any CPU
		{F1592F72-B996-4358-AC17-6A21307B0FE3}.Release|Any CPU.Build.0 = Release|Any CPU
	EndGlobalSection
	GlobalSection(SolutionProperties) = preSolution
		HideSolutionNode = FALSE
	EndGlobalSection
EndGlobal
